// !$*UTF8*$!
{
	archiveVersion = 1;
	classes = {
	};
	objectVersion = 50;
	objects = {

/* Begin PBXBuildFile section */
		56444C992517AC7B0019FD8A /* AppDelegate.swift in Sources */ = {isa = PBXBuildFile; fileRef = 56444C982517AC7B0019FD8A /* AppDelegate.swift */; };
		56444C9B2517AC7B0019FD8A /* SceneDelegate.swift in Sources */ = {isa = PBXBuildFile; fileRef = 56444C9A2517AC7B0019FD8A /* SceneDelegate.swift */; };
		56444C9D2517AC7B0019FD8A /* ViewController.swift in Sources */ = {isa = PBXBuildFile; fileRef = 56444C9C2517AC7B0019FD8A /* ViewController.swift */; };
		56444CA02517AC7B0019FD8A /* Main.storyboard in Resources */ = {isa = PBXBuildFile; fileRef = 56444C9E2517AC7B0019FD8A /* Main.storyboard */; };
		56444CA22517AC7C0019FD8A /* Assets.xcassets in Resources */ = {isa = PBXBuildFile; fileRef = 56444CA12517AC7C0019FD8A /* Assets.xcassets */; };
		56444CA52517AC7C0019FD8A /* LaunchScreen.storyboard in Resources */ = {isa = PBXBuildFile; fileRef = 56444CA32517AC7C0019FD8A /* LaunchScreen.storyboard */; };
/* End PBXBuildFile section */

/* Begin PBXFileReference section */
		56444C952517AC7B0019FD8A /* ComeBack.app */ = {isa = PBXFileReference; explicitFileType = wrapper.application; includeInIndex = 0; path = ComeBack.app; sourceTree = BUILT_PRODUCTS_DIR; };
		56444C982517AC7B0019FD8A /* AppDelegate.swift */ = {isa = PBXFileReference; lastKnownFileType = sourcecode.swift; path = AppDelegate.swift; sourceTree = "<group>"; };
		56444C9A2517AC7B0019FD8A /* SceneDelegate.swift */ = {isa = PBXFileReference; lastKnownFileType = sourcecode.swift; path = SceneDelegate.swift; sourceTree = "<group>"; };
		56444C9C2517AC7B0019FD8A /* ViewController.swift */ = {isa = PBXFileReference; lastKnownFileType = sourcecode.swift; path = ViewController.swift; sourceTree = "<group>"; };
		56444C9F2517AC7B0019FD8A /* Base */ = {isa = PBXFileReference; lastKnownFileType = file.storyboard; name = Base; path = Base.lproj/Main.storyboard; sourceTree = "<group>"; };
		56444CA12517AC7C0019FD8A /* Assets.xcassets */ = {isa = PBXFileReference; lastKnownFileType = folder.assetcatalog; path = Assets.xcassets; sourceTree = "<group>"; };
		56444CA42517AC7C0019FD8A /* Base */ = {isa = PBXFileReference; lastKnownFileType = file.storyboard; name = Base; path = Base.lproj/LaunchScreen.storyboard; sourceTree = "<group>"; };
		56444CA62517AC7C0019FD8A /* Info.plist */ = {isa = PBXFileReference; lastKnownFileType = text.plist.xml; path = Info.plist; sourceTree = "<group>"; };
/* End PBXFileReference section */

/* Begin PBXFrameworksBuildPhase section */
		56444C922517AC7B0019FD8A /* Frameworks */ = {
			isa = PBXFrameworksBuildPhase;
			buildActionMask = 2147483647;
			files = (
			);
			runOnlyForDeploymentPostprocessing = 0;
		};
/* End PBXFrameworksBuildPhase section */

/* Begin PBXGroup section */
		56444C8C2517AC7B0019FD8A = {
			isa = PBXGroup;
			children = (
				56444C972517AC7B0019FD8A /* ComeBack */,
				56444C962517AC7B0019FD8A /* Products */,
			);
			sourceTree = "<group>";
		};
		56444C962517AC7B0019FD8A /* Products */ = {
			isa = PBXGroup;
			children = (
				56444C952517AC7B0019FD8A /* ComeBack.app */,
			);
			name = Products;
			sourceTree = "<group>";
		};
		56444C972517AC7B0019FD8A /* ComeBack */ = {
			isa = PBXGroup;
			children = (
				56444C982517AC7B0019FD8A /* AppDelegate.swift */,
				56444C9A2517AC7B0019FD8A /* SceneDelegate.swift */,
				56444C9C2517AC7B0019FD8A /* ViewController.swift */,
				56444C9E2517AC7B0019FD8A /* Main.storyboard */,
				56444CA12517AC7C0019FD8A /* Assets.xcassets */,
				56444CA32517AC7C0019FD8A /* LaunchScreen.storyboard */,
				56444CA62517AC7C0019FD8A /* Info.plist */,
			);
			path = ComeBack;
			sourceTree = "<group>";
		};
/* End PBXGroup section */

/* Begin PBXNativeTarget section */
		56444C942517AC7B0019FD8A /* ComeBack */ = {
			isa = PBXNativeTarget;
			buildConfigurationList = 56444CA92517AC7C0019FD8A /* Build configuration list for PBXNativeTarget "ComeBack" */;
			buildPhases = (
				56444C912517AC7B0019FD8A /* Sources */,
				56444C922517AC7B0019FD8A /* Frameworks */,
				56444C932517AC7B0019FD8A /* Resources */,
			);
			buildRules = (
			);
			dependencies = (
			);
			name = ComeBack;
			productName = ComeBack;
			productReference = 56444C952517AC7B0019FD8A /* ComeBack.app */;
			productType = "com.apple.product-type.application";
		};
/* End PBXNativeTarget section */

/* Begin PBXProject section */
		56444C8D2517AC7B0019FD8A /* Project object */ = {
			isa = PBXProject;
			attributes = {
				LastSwiftUpdateCheck = 1140;
				LastUpgradeCheck = 1140;
				ORGANIZATIONNAME = "Egor Ukolov";
				TargetAttributes = {
					56444C942517AC7B0019FD8A = {
						CreatedOnToolsVersion = 11.4;
					};
				};
			};
			buildConfigurationList = 56444C902517AC7B0019FD8A /* Build configuration list for PBXProject "ComeBack" */;
			compatibilityVersion = "Xcode 9.3";
			developmentRegion = en;
			hasScannedForEncodings = 0;
			knownRegions = (
				en,
				Base,
			);
			mainGroup = 56444C8C2517AC7B0019FD8A;
			productRefGroup = 56444C962517AC7B0019FD8A /* Products */;
			projectDirPath = "";
			projectRoot = "";
			targets = (
				56444C942517AC7B0019FD8A /* ComeBack */,
			);
		};
/* End PBXProject section */

/* Begin PBXResourcesBuildPhase section */
		56444C932517AC7B0019FD8A /* Resources */ = {
			isa = PBXResourcesBuildPhase;
			buildActionMask = 2147483647;
			files = (
				56444CA52517AC7C0019FD8A /* LaunchScreen.storyboard in Resources */,
				56444CA22517AC7C0019FD8A /* Assets.xcassets in Resources */,
				56444CA02517AC7B0019FD8A /* Main.storyboard in Resources */,
			);
			runOnlyForDeploymentPostprocessing = 0;
		};
/* End PBXResourcesBuildPhase section */

/* Begin PBXSourcesBuildPhase section */
		56444C912517AC7B0019FD8A /* Sources */ = {
			isa = PBXSourcesBuildPhase;
			buildActionMask = 2147483647;
			files = (
				56444C9D2517AC7B0019FD8A /* ViewController.swift in Sources */,
				56444C992517AC7B0019FD8A /* AppDelegate.swift in Sources */,
				56444C9B2517AC7B0019FD8A /* SceneDelegate.swift in Sources */,
			);
			runOnlyForDeploymentPostprocessing = 0;
		};
/* End PBXSourcesBuildPhase section */

/* Begin PBXVariantGroup section */
		56444C9E2517AC7B0019FD8A /* Main.storyboard */ = {
			isa = PBXVariantGroup;
			children = (
				56444C9F2517AC7B0019FD8A /* Base */,
			);
			name = Main.storyboard;
			sourceTree = "<group>";
		};
		56444CA32517AC7C0019FD8A /* LaunchScreen.storyboard */ = {
			isa = PBXVariantGroup;
			children = (
				56444CA42517AC7C0019FD8A /* Base */,
			);
			name = LaunchScreen.storyboard;
			sourceTree = "<group>";
		};
/* End PBXVariantGroup section */

/* Begin XCBuildConfiguration section */
		56444CA72517AC7C0019FD8A /* Debug */ = {
			isa = XCBuildConfiguration;
			buildSettings = {
				ALWAYS_SEARCH_USER_PATHS = NO;
				CLANG_ANALYZER_NONNULL = YES;
				CLANG_ANALYZER_NUMBER_OBJECT_CONVERSION = YES_AGGRESSIVE;
				CLANG_CXX_LANGUAGE_STANDARD = "gnu++14";
				CLANG_CXX_LIBRARY = "libc++";
				CLANG_ENABLE_MODULES = YES;
				CLANG_ENABLE_OBJC_ARC = YES;
				CLANG_ENABLE_OBJC_WEAK = YES;
				CLANG_WARN_BLOCK_CAPTURE_AUTORELEASING = YES;
				CLANG_WARN_BOOL_CONVERSION = YES;
				CLANG_WARN_COMMA = YES;
				CLANG_WARN_CONSTANT_CONVERSION = YES;
				CLANG_WARN_DEPRECATED_OBJC_IMPLEMENTATIONS = YES;
				CLANG_WARN_DIRECT_OBJC_ISA_USAGE = YES_ERROR;
				CLANG_WARN_DOCUMENTATION_COMMENTS = YES;
				CLANG_WARN_EMPTY_BODY = YES;
				CLANG_WARN_ENUM_CONVERSION = YES;
				CLANG_WARN_INFINITE_RECURSION = YES;
				CLANG_WARN_INT_CONVERSION = YES;
				CLANG_WARN_NON_LITERAL_NULL_CONVERSION = YES;
				CLANG_WARN_OBJC_IMPLICIT_RETAIN_SELF = YES;
				CLANG_WARN_OBJC_LITERAL_CONVERSION = YES;
				CLANG_WARN_OBJC_ROOT_CLASS = YES_ERROR;
				CLANG_WARN_RANGE_LOOP_ANALYSIS = YES;
				CLANG_WARN_STRICT_PROTOTYPES = YES;
				CLANG_WARN_SUSPICIOUS_MOVE = YES;
				CLANG_WARN_UNGUARDED_AVAILABILITY = YES_AGGRESSIVE;
				CLANG_WARN_UNREACHABLE_CODE = YES;
				CLANG_WARN__DUPLICATE_METHOD_MATCH = YES;
				COPY_PHASE_STRIP = NO;
				DEBUG_INFORMATION_FORMAT = dwarf;
				ENABLE_STRICT_OBJC_MSGSEND = YES;
				ENABLE_TESTABILITY = YES;
				GCC_C_LANGUAGE_STANDARD = gnu11;
				GCC_DYNAMIC_NO_PIC = NO;
				GCC_NO_COMMON_BLOCKS = YES;
				GCC_OPTIMIZATION_LEVEL = 0;
				GCC_PREPROCESSOR_DEFINITIONS = (
					"DEBUG=1",
					"$(inherited)",
				);
				GCC_WARN_64_TO_32_BIT_CONVERSION = YES;
				GCC_WARN_ABOUT_RETURN_TYPE = YES_ERROR;
				GCC_WARN_UNDECLARED_SELECTOR = YES;
				GCC_WARN_UNINITIALIZED_AUTOS = YES_AGGRESSIVE;
				GCC_WARN_UNUSED_FUNCTION = YES;
				GCC_WARN_UNUSED_VARIABLE = YES;
				IPHONEOS_DEPLOYMENT_TARGET = 13.4;
				MTL_ENABLE_DEBUG_INFO = INCLUDE_SOURCE;
				MTL_FAST_MATH = YES;
				ONLY_ACTIVE_ARCH = YES;
				SDKROOT = iphoneos;
				SWIFT_ACTIVE_COMPILATION_CONDITIONS = DEBUG;
				SWIFT_OPTIMIZATION_LEVEL = "-Onone";
			};
			name = Debug;
		};
		56444CA82517AC7C0019FD8A /* Release */ = {
			isa = XCBuildConfiguration;
			buildSettings = {
				ALWAYS_SEARCH_USER_PATHS = NO;
				CLANG_ANALYZER_NONNULL = YES;
				CLANG_ANALYZER_NUMBER_OBJECT_CONVERSION = YES_AGGRESSIVE;
				CLANG_CXX_LANGUAGE_STANDARD = "gnu++14";
				CLANG_CXX_LIBRARY = "libc++";
				CLANG_ENABLE_MODULES = YES;
				CLANG_ENABLE_OBJC_ARC = YES;
				CLANG_ENABLE_OBJC_WEAK = YES;
				CLANG_WARN_BLOCK_CAPTURE_AUTORELEASING = YES;
				CLANG_WARN_BOOL_CONVERSION = YES;
				CLANG_WARN_COMMA = YES;
				CLANG_WARN_CONSTANT_CONVERSION = YES;
				CLANG_WARN_DEPRECATED_OBJC_IMPLEMENTATIONS = YES;
				CLANG_WARN_DIRECT_OBJC_ISA_USAGE = YES_ERROR;
				CLANG_WARN_DOCUMENTATION_COMMENTS = YES;
				CLANG_WARN_EMPTY_BODY = YES;
				CLANG_WARN_ENUM_CONVERSION = YES;
				CLANG_WARN_INFINITE_RECURSION = YES;
				CLANG_WARN_INT_CONVERSION = YES;
				CLANG_WARN_NON_LITERAL_NULL_CONVERSION = YES;
				CLANG_WARN_OBJC_IMPLICIT_RETAIN_SELF = YES;
				CLANG_WARN_OBJC_LITERAL_CONVERSION = YES;
				CLANG_WARN_OBJC_ROOT_CLASS = YES_ERROR;
				CLANG_WARN_RANGE_LOOP_ANALYSIS = YES;
				CLANG_WARN_STRICT_PROTOTYPES = YES;
				CLANG_WARN_SUSPICIOUS_MOVE = YES;
				CLANG_WARN_UNGUARDED_AVAILABILITY = YES_AGGRESSIVE;
				CLANG_WARN_UNREACHABLE_CODE = YES;
				CLANG_WARN__DUPLICATE_METHOD_MATCH = YES;
				COPY_PHASE_STRIP = NO;
				DEBUG_INFORMATION_FORMAT = "dwarf-with-dsym";
				ENABLE_NS_ASSERTIONS = NO;
				ENABLE_STRICT_OBJC_MSGSEND = YES;
				GCC_C_LANGUAGE_STANDARD = gnu11;
				GCC_NO_COMMON_BLOCKS = YES;
				GCC_WARN_64_TO_32_BIT_CONVERSION = YES;
				GCC_WARN_ABOUT_RETURN_TYPE = YES_ERROR;
				GCC_WARN_UNDECLARED_SELECTOR = YES;
				GCC_WARN_UNINITIALIZED_AUTOS = YES_AGGRESSIVE;
				GCC_WARN_UNUSED_FUNCTION = YES;
				GCC_WARN_UNUSED_VARIABLE = YES;
				IPHONEOS_DEPLOYMENT_TARGET = 13.4;
				MTL_ENABLE_DEBUG_INFO = NO;
				MTL_FAST_MATH = YES;
				SDKROOT = iphoneos;
				SWIFT_COMPILATION_MODE = wholemodule;
				SWIFT_OPTIMIZATION_LEVEL = "-O";
				VALIDATE_PRODUCT = YES;
			};
			name = Release;
		};
		56444CAA2517AC7C0019FD8A /* Debug */ = {
			isa = XCBuildConfiguration;
			buildSettings = {
				ASSETCATALOG_COMPILER_APPICON_NAME = AppIcon;
				CODE_SIGN_STYLE = Automatic;
				DEVELOPMENT_TEAM = 48X7U22M49;
				INFOPLIST_FILE = ComeBack/Info.plist;
				LD_RUNPATH_SEARCH_PATHS = (
					"$(inherited)",
					"@executable_path/Frameworks",
				);
				PRODUCT_BUNDLE_IDENTIFIER = "ru.ukolovegor23-yandex.ComeBack";
				PRODUCT_NAME = "$(TARGET_NAME)";
				SWIFT_VERSION = 5.0;
				TARGETED_DEVICE_FAMILY = "1,2";
			};
			name = Debug;
		};
		56444CAB2517AC7C0019FD8A /* Release */ = {
			isa = XCBuildConfiguration;
			buildSettings = {
				ASSETCATALOG_COMPILER_APPICON_NAME = AppIcon;
				CODE_SIGN_STYLE = Automatic;
				DEVELOPMENT_TEAM = 48X7U22M49;
				INFOPLIST_FILE = ComeBack/Info.plist;
				LD_RUNPATH_SEARCH_PATHS = (
					"$(inherited)",
					"@executable_path/Frameworks",
				);
				PRODUCT_BUNDLE_IDENTIFIER = "ru.ukolovegor23-yandex.ComeBack";
				PRODUCT_NAME = "$(TARGET_NAME)";
				SWIFT_VERSION = 5.0;
				TARGETED_DEVICE_FAMILY = "1,2";
			};
			name = Release;
		};
/* End XCBuildConfiguration section */

/* Begin XCConfigurationList section */
		56444C902517AC7B0019FD8A /* Build configuration list for PBXProject "ComeBack" */ = {
			isa = XCConfigurationList;
			buildConfigurations = (
				56444CA72517AC7C0019FD8A /* Debug */,
				56444CA82517AC7C0019FD8A /* Release */,
			);
			defaultConfigurationIsVisible = 0;
			defaultConfigurationName = Release;
		};
		56444CA92517AC7C0019FD8A /* Build configuration list for PBXNativeTarget "ComeBack" */ = {
			isa = XCConfigurationList;
			buildConfigurations = (
				56444CAA2517AC7C0019FD8A /* Debug */,
				56444CAB2517AC7C0019FD8A /* Release */,
			);
			defaultConfigurationIsVisible = 0;
			defaultConfigurationName = Release;
		};
/* End XCConfigurationList section */
	};
	rootObject = 56444C8D2517AC7B0019FD8A /* Project object */;
}
